
Microsoft Visual Studio Solution File, Format Version 12.00
# Visual Studio Version 17
VisualStudioVersion = 17.10.35122.118
MinimumVisualStudioVersion = 10.0.40219.1
Project("{FAE04EC0-301F-11D3-BF4B-00C04F79EFBC}") = "PokemonReview", "PokemonReview\PokemonReview.csproj", "{DAFFFC60-26BC-4826-84D5-889AC5335F2A}"
EndProject
Global
	GlobalSection(SolutionConfigurationPlatforms) = preSolution
		Debug|Any CPU = Debug|Any CPU
		Release|Any CPU = Release|Any CPU
	EndGlobalSection
	GlobalSection(ProjectConfigurationPlatforms) = postSolution
		{DAFFFC60-26BC-4826-84D5-889AC5335F2A}.Debug|Any CPU.ActiveCfg = Debug|Any CPU
		{DAFFFC60-26BC-4826-84D5-889AC5335F2A}.Debug|Any CPU.Build.0 = Debug|Any CPU
		{DAFFFC60-26BC-4826-84D5-889AC5335F2A}.Release|Any CPU.ActiveCfg = Release|Any CPU
		{DAFFFC60-26BC-4826-84D5-889AC5335F2A}.Release|Any CPU.Build.0 = Release|Any CPU
	EndGlobalSection
	GlobalSection(SolutionProperties) = preSolution
		HideSolutionNode = FALSE
	EndGlobalSection
	GlobalSection(ExtensibilityGlobals) = postSolution
		SolutionGuid = {F0814C57-709F-4251-965C-1E9E0EB13026}
	EndGlobalSection
EndGlobal
